
Microsoft Visual Studio Solution File, Format Version 12.00
# Visual Studio Version 17
VisualStudioVersion = 17.13.35818.85
MinimumVisualStudioVersion = 10.0.40219.1
Project("{FAE04EC0-301F-11D3-BF4B-00C04F79EFBC}") = "Session", "Session\Session.csproj", "{E2F6A4C3-F7FD-46A1-A111-D84D1221DF8D}"
EndProject
Project("{FAE04EC0-301F-11D3-BF4B-00C04F79EFBC}") = "DataBaseFirst", "DataBaseFirst\DataBaseFirst.csproj", "{65EFA9E1-18BE-439C-B02C-69765498A1F9}"
EndProject
Project("{FAE04EC0-301F-11D3-BF4B-00C04F79EFBC}") = "BlazorAppAssembly", "BlazorAppAssembly\BlazorAppAssembly.csproj", "{48059365-4B83-493A-889F-48ED63C7446F}"
EndProject
Project("{FAE04EC0-301F-11D3-BF4B-00C04F79EFBC}") = "MVCWebApplication", "MVCWebApplication\MVCWebApplication.csproj", "{20E05E8B-0651-4D29-ABE4-1361675380A3}"
EndProject
Project("{FAE04EC0-301F-11D3-BF4B-00C04F79EFBC}") = "MVC.Presentation", "MVC.Presentation\MVC.Presentation.csproj", "{69A9783B-9552-42B2-AF17-4ED7E249BA69}"
EndProject
Project("{FAE04EC0-301F-11D3-BF4B-00C04F79EFBC}") = "MVC.DAL", "MVC.DAL\MVC.DAL.csproj", "{FA6276EE-6B19-4D72-A1AA-A18A3D4E4358}"
EndProject
Project("{FAE04EC0-301F-11D3-BF4B-00C04F79EFBC}") = "MVC.BLL", "MVC.BLL\MVC.BLL.csproj", "{FC342CF7-80BE-48BE-9838-6ED4F94E195D}"
EndProject
Project("{FAE04EC0-301F-11D3-BF4B-00C04F79EFBC}") = "MVC.Test", "MVC.Test\MVC.Test.csproj", "{C32D7A57-EAC5-472F-8368-D2CCD9C0C68D}"
EndProject
Global
	GlobalSection(SolutionConfigurationPlatforms) = preSolution
		Debug|Any CPU = Debug|Any CPU
		Release|Any CPU = Release|Any CPU
	EndGlobalSection
	GlobalSection(ProjectConfigurationPlatforms) = postSolution
		{E2F6A4C3-F7FD-46A1-A111-D84D1221DF8D}.Debug|Any CPU.ActiveCfg = Debug|Any CPU
		{E2F6A4C3-F7FD-46A1-A111-D84D1221DF8D}.Debug|Any CPU.Build.0 = Debug|Any CPU
		{E2F6A4C3-F7FD-46A1-A111-D84D1221DF8D}.Release|Any CPU.ActiveCfg = Release|Any CPU
		{E2F6A4C3-F7FD-46A1-A111-D84D1221DF8D}.Release|Any CPU.Build.0 = Release|Any CPU
		{65EFA9E1-18BE-439C-B02C-69765498A1F9}.Debug|Any CPU.ActiveCfg = Debug|Any CPU
		{65EFA9E1-18BE-439C-B02C-69765498A1F9}.Debug|Any CPU.Build.0 = Debug|Any CPU
		{65EFA9E1-18BE-439C-B02C-69765498A1F9}.Release|Any CPU.ActiveCfg = Release|Any CPU
		{65EFA9E1-18BE-439C-B02C-69765498A1F9}.Release|Any CPU.Build.0 = Release|Any CPU
		{48059365-4B83-493A-889F-48ED63C7446F}.Debug|Any CPU.ActiveCfg = Debug|Any CPU
		{48059365-4B83-493A-889F-48ED63C7446F}.Debug|Any CPU.Build.0 = Debug|Any CPU
		{48059365-4B83-493A-889F-48ED63C7446F}.Release|Any CPU.ActiveCfg = Release|Any CPU
		{48059365-4B83-493A-889F-48ED63C7446F}.Release|Any CPU.Build.0 = Release|Any CPU
		{20E05E8B-0651-4D29-ABE4-1361675380A3}.Debug|Any CPU.ActiveCfg = Debug|Any CPU
		{20E05E8B-0651-4D29-ABE4-1361675380A3}.Debug|Any CPU.Build.0 = Debug|Any CPU
		{20E05E8B-0651-4D29-ABE4-1361675380A3}.Release|Any CPU.ActiveCfg = Release|Any CPU
		{20E05E8B-0651-4D29-ABE4-1361675380A3}.Release|Any CPU.Build.0 = Release|Any CPU
		{69A9783B-9552-42B2-AF17-4ED7E249BA69}.Debug|Any CPU.ActiveCfg = Debug|Any CPU
		{69A9783B-9552-42B2-AF17-4ED7E249BA69}.Debug|Any CPU.Build.0 = Debug|Any CPU
		{69A9783B-9552-42B2-AF17-4ED7E249BA69}.Release|Any CPU.ActiveCfg = Release|Any CPU
		{69A9783B-9552-42B2-AF17-4ED7E249BA69}.Release|Any CPU.Build.0 = Release|Any CPU
		{FA6276EE-6B19-4D72-A1AA-A18A3D4E4358}.Debug|Any CPU.ActiveCfg = Debug|Any CPU
		{FA6276EE-6B19-4D72-A1AA-A18A3D4E4358}.Debug|Any CPU.Build.0 = Debug|Any CPU
		{FA6276EE-6B19-4D72-A1AA-A18A3D4E4358}.Release|Any CPU.ActiveCfg = Release|Any CPU
		{FA6276EE-6B19-4D72-A1AA-A18A3D4E4358}.Release|Any CPU.Build.0 = Release|Any CPU
		{FC342CF7-80BE-48BE-9838-6ED4F94E195D}.Debug|Any CPU.ActiveCfg = Debug|Any CPU
		{FC342CF7-80BE-48BE-9838-6ED4F94E195D}.Debug|Any CPU.Build.0 = Debug|Any CPU
		{FC342CF7-80BE-48BE-9838-6ED4F94E195D}.Release|Any CPU.ActiveCfg = Release|Any CPU
		{FC342CF7-80BE-48BE-9838-6ED4F94E195D}.Release|Any CPU.Build.0 = Release|Any CPU
		{C32D7A57-EAC5-472F-8368-D2CCD9C0C68D}.Debug|Any CPU.ActiveCfg = Debug|Any CPU
		{C32D7A57-EAC5-472F-8368-D2CCD9C0C68D}.Debug|Any CPU.Build.0 = Debug|Any CPU
		{C32D7A57-EAC5-472F-8368-D2CCD9C0C68D}.Release|Any CPU.ActiveCfg = Release|Any CPU
		{C32D7A57-EAC5-472F-8368-D2CCD9C0C68D}.Release|Any CPU.Build.0 = Release|Any CPU
	EndGlobalSection
	GlobalSection(SolutionProperties) = preSolution
		HideSolutionNode = FALSE
	EndGlobalSection
	GlobalSection(ExtensibilityGlobals) = postSolution
		SolutionGuid = {C9E0D908-E11B-4405-871A-956310A613D6}
	EndGlobalSection
EndGlobal
